
Microsoft Visual Studio Solution File, Format Version 12.00
# Visual Studio Version 17
VisualStudioVersion = 17.4.33213.308
MinimumVisualStudioVersion = 10.0.40219.1
Project("{9A19103F-16F7-4668-BE54-9A1E7A4F7556}") = "StoreApp.API", "src\WebAPI\StoreApp.API\StoreApp.API.csproj", "{F234A940-2A1B-4949-ADB4-7B813CB9E8B2}"
EndProject
Project("{2150E333-8FDC-42A3-9474-1A3956D46DE8}") = "src", "src", "{A5DAF38F-39DC-4CB4-A62B-3896353E62A2}"
EndProject
Project("{2150E333-8FDC-42A3-9474-1A3956D46DE8}") = "WebAPI", "WebAPI", "{CCB51D45-DC6D-422D-AD8B-13F76381AF88}"
EndProject
Project("{2150E333-8FDC-42A3-9474-1A3956D46DE8}") = "Domains", "Domains", "{07B89E23-BCBD-4377-B194-7763DC12EF8A}"
EndProject
Project("{9A19103F-16F7-4668-BE54-9A1E7A4F7556}") = "StoreApp.Entities", "src\Domains\StoreApp.Entities\StoreApp.Entities.csproj", "{4D46DE3C-8C49-4232-A454-2456E900D6B3}"
EndProject
Project("{2150E333-8FDC-42A3-9474-1A3956D46DE8}") = "Infrastructure", "Infrastructure", "{C387BDC8-B576-48C4-A765-18C0470E3874}"
EndProject
Project("{9A19103F-16F7-4668-BE54-9A1E7A4F7556}") = "StoreApp.Infrastructure", "src\Infrastructure\StoreApp.Infrastructure\StoreApp.Infrastructure.csproj", "{FF501C7E-8AE4-4010-96D9-AB961586D04C}"
EndProject
Project("{2150E333-8FDC-42A3-9474-1A3956D46DE8}") = "Application", "Application", "{CA62E010-D3C1-4498-8796-587CD5D415F9}"
EndProject
Project("{9A19103F-16F7-4668-BE54-9A1E7A4F7556}") = "StoreApp.Services", "src\Application\StoreApp.Services\StoreApp.Services.csproj", "{3E8988B6-DACD-44C5-AC65-2B3721A7104D}"
EndProject
Project("{FAE04EC0-301F-11D3-BF4B-00C04F79EFBC}") = "StoreApp.DTO", "src\Application\StoreApp.DTO\StoreApp.DTO.csproj", "{1D12AB88-23A3-4FEE-BB38-5C0781A94F39}"
EndProject
Global
	GlobalSection(SolutionConfigurationPlatforms) = preSolution
		Debug|Any CPU = Debug|Any CPU
		Release|Any CPU = Release|Any CPU
	EndGlobalSection
	GlobalSection(ProjectConfigurationPlatforms) = postSolution
		{F234A940-2A1B-4949-ADB4-7B813CB9E8B2}.Debug|Any CPU.ActiveCfg = Debug|Any CPU
		{F234A940-2A1B-4949-ADB4-7B813CB9E8B2}.Debug|Any CPU.Build.0 = Debug|Any CPU
		{F234A940-2A1B-4949-ADB4-7B813CB9E8B2}.Release|Any CPU.ActiveCfg = Release|Any CPU
		{F234A940-2A1B-4949-ADB4-7B813CB9E8B2}.Release|Any CPU.Build.0 = Release|Any CPU
		{4D46DE3C-8C49-4232-A454-2456E900D6B3}.Debug|Any CPU.ActiveCfg = Debug|Any CPU
		{4D46DE3C-8C49-4232-A454-2456E900D6B3}.Debug|Any CPU.Build.0 = Debug|Any CPU
		{4D46DE3C-8C49-4232-A454-2456E900D6B3}.Release|Any CPU.ActiveCfg = Release|Any CPU
		{4D46DE3C-8C49-4232-A454-2456E900D6B3}.Release|Any CPU.Build.0 = Release|Any CPU
		{FF501C7E-8AE4-4010-96D9-AB961586D04C}.Debug|Any CPU.ActiveCfg = Debug|Any CPU
		{FF501C7E-8AE4-4010-96D9-AB961586D04C}.Debug|Any CPU.Build.0 = Debug|Any CPU
		{FF501C7E-8AE4-4010-96D9-AB961586D04C}.Release|Any CPU.ActiveCfg = Release|Any CPU
		{FF501C7E-8AE4-4010-96D9-AB961586D04C}.Release|Any CPU.Build.0 = Release|Any CPU
		{3E8988B6-DACD-44C5-AC65-2B3721A7104D}.Debug|Any CPU.ActiveCfg = Debug|Any CPU
		{3E8988B6-DACD-44C5-AC65-2B3721A7104D}.Debug|Any CPU.Build.0 = Debug|Any CPU
		{3E8988B6-DACD-44C5-AC65-2B3721A7104D}.Release|Any CPU.ActiveCfg = Release|Any CPU
		{3E8988B6-DACD-44C5-AC65-2B3721A7104D}.Release|Any CPU.Build.0 = Release|Any CPU
		{1D12AB88-23A3-4FEE-BB38-5C0781A94F39}.Debug|Any CPU.ActiveCfg = Debug|Any CPU
		{1D12AB88-23A3-4FEE-BB38-5C0781A94F39}.Debug|Any CPU.Build.0 = Debug|Any CPU
		{1D12AB88-23A3-4FEE-BB38-5C0781A94F39}.Release|Any CPU.ActiveCfg = Release|Any CPU
		{1D12AB88-23A3-4FEE-BB38-5C0781A94F39}.Release|Any CPU.Build.0 = Release|Any CPU
	EndGlobalSection
	GlobalSection(SolutionProperties) = preSolution
		HideSolutionNode = FALSE
	EndGlobalSection
	GlobalSection(NestedProjects) = preSolution
		{F234A940-2A1B-4949-ADB4-7B813CB9E8B2} = {CCB51D45-DC6D-422D-AD8B-13F76381AF88}
		{CCB51D45-DC6D-422D-AD8B-13F76381AF88} = {A5DAF38F-39DC-4CB4-A62B-3896353E62A2}
		{07B89E23-BCBD-4377-B194-7763DC12EF8A} = {A5DAF38F-39DC-4CB4-A62B-3896353E62A2}
		{4D46DE3C-8C49-4232-A454-2456E900D6B3} = {07B89E23-BCBD-4377-B194-7763DC12EF8A}
		{C387BDC8-B576-48C4-A765-18C0470E3874} = {A5DAF38F-39DC-4CB4-A62B-3896353E62A2}
		{FF501C7E-8AE4-4010-96D9-AB961586D04C} = {C387BDC8-B576-48C4-A765-18C0470E3874}
		{CA62E010-D3C1-4498-8796-587CD5D415F9} = {A5DAF38F-39DC-4CB4-A62B-3896353E62A2}
		{3E8988B6-DACD-44C5-AC65-2B3721A7104D} = {CA62E010-D3C1-4498-8796-587CD5D415F9}
		{1D12AB88-23A3-4FEE-BB38-5C0781A94F39} = {CA62E010-D3C1-4498-8796-587CD5D415F9}
	EndGlobalSection
	GlobalSection(ExtensibilityGlobals) = postSolution
		SolutionGuid = {C2B357FF-DAFF-4EB9-927D-073A894883D6}
	EndGlobalSection
EndGlobal
